{
  "version": 4,
  "terraform_version": "1.13.3",
  "serial": 9,
  "lineage": "1706738f-3a58-1f62-c104-41a08c868a4d",
  "outputs": {
    "cluster_certificate_authority_data": {
      "value": "LS0tLS1CRUdJTiBDRVJUSUZJQ0FURS0tLS0tCk1JSURCVENDQWUyZ0F3SUJBZ0lJY3ZHQ0lzci9jcTh3RFFZSktvWklodmNOQVFFTEJRQXdGVEVUTUJFR0ExVUUKQXhNS2EzVmlaWEp1WlhSbGN6QWVGdzB5TlRFeE1EVXhOelEwTkRkYUZ3MHpOVEV4TURNeE56UTVORGRhTUJVeApFekFSQmdOVkJBTVRDbXQxWW1WeWJtVjBaWE13Z2dFaU1BMEdDU3FHU0liM0RRRUJBUVVBQTRJQkR3QXdnZ0VLCkFvSUJBUURoY3FBWGF2cElUSlBSOXlEWFpkMkVxeEZ4TlJ6NkZMWUxhVjdUcDVPcndRVXk5KzhzaEQrZ2l5UjAKWWwyUG1jd0hHaDF0bGpURS9GZ1AxcFk1TGFSelBGdVJSWVk0cXR3dnh3Mzlsdnp1V04vNy9kYzMxOEhDbTNObgpYQU1mL2xhWlZiSEExRUMvZE9zMFJnZGpWRVRFZTRCSW84dGRxR1RrVDEwRlBKMDFsaFZzTGdHSGMxMldPL0hlClMwMVJUOWhQSUVZdk01Y1lRV1lraWp1clU1VVMxRmthTm9JTFZWUE1wTTNWcWpIMW1PNjVIb0JXckVRTFlOZEEKSWNsOEl5U2Z4cElIVFo4YUptWmltQlQrSXhBVFByZTVzS3RYWFZaMGo4WXAzcm5SNlNiNXlOWnNRUmYrWmZORQpKM0l3NzRmZE91OWVkYUFrVndWMHdPYzBzSkhwQWdNQkFBR2pXVEJYTUE0R0ExVWREd0VCL3dRRUF3SUNwREFQCkJnTlZIUk1CQWY4RUJUQURBUUgvTUIwR0ExVWREZ1FXQkJTazZ2SjEwZmc0MUcrbWN4S2dhTk9uc2hISUVEQVYKQmdOVkhSRUVEakFNZ2dwcmRXSmxjbTVsZEdWek1BMEdDU3FHU0liM0RRRUJDd1VBQTRJQkFRQWxpMGtjVVVzZgpkbzM3N3JUUjhJMUptTU5OcXphd01rRFI3U0hkSWRBcTRjV1N4d3p5R2E0VTVCVjI3Mmw5bkFKSWxmc1grK3k0Cm9BS3RTRUpFeDNGZzJTMXJyL2NkN1lCNGdZeGliNVNiQmJJa2o5eFFQZEFXc1NvaXFwbVhsaUI3Y2xIeUhKWW0KS1RteHZSbWlsYmpRVVU5T09XWVJQZ0tOVk5oc1EzakxseGErL2p2OFB5OHc4QWhKTWlvQlUyam1nWHFWRW9DYwpjRWdMVWUvcDQxbDhHWW9POWlrbWVrZTBBelJLN2RzbFppR2RTV1UwRUd6cnUzMEJSZndtY0RuVW9XMnU1QzUyCldKbmgrL3k1MWVYK2cvY3JPR0plQ25od2lFcEhMSEtyZ1F4U2tJdFEzcjhFVE5nYlAxOVhDVTV0SFJ2ektuSUQKY09mUW5ic2x4NmlMCi0tLS0tRU5EIENFUlRJRklDQVRFLS0tLS0K",
      "type": "string"
    },
    "cluster_endpoint": {
      "value": "https://40DEE3FC8FC4D020489714923868CB2C.gr7.us-east-1.eks.amazonaws.com",
      "type": "string"
    },
    "cluster_id": {
      "value": "abrahimcse-cluster",
      "type": "string"
    },
    "kubeconfig_command_hint": {
      "value": "aws eks --region ap-southeast-1 update-kubeconfig --name abrahimcse-cluster",
      "type": "string"
    },
    "subnet_ids": {
      "value": [
        "subnet-022579b97781a4227",
        "subnet-07756d5aaf9d64577",
        "subnet-023b09a4ed01c5b9c"
      ],
      "type": [
        "list",
        "string"
      ]
    },
    "vpc_id": {
      "value": "vpc-0ad251447941b8e8b",
      "type": "string"
    }
  },
  "resources": [
    {
      "mode": "managed",
      "type": "aws_eks_cluster",
      "name": "abrahimcse",
      "provider": "provider[\"registry.terraform.io/hashicorp/aws\"]",
      "instances": [
        {
          "schema_version": 0,
          "attributes": {
            "arn": "arn:aws:eks:us-east-1:692522859847:cluster/abrahimcse-cluster",
            "certificate_authority": [
              {
                "data": "LS0tLS1CRUdJTiBDRVJUSUZJQ0FURS0tLS0tCk1JSURCVENDQWUyZ0F3SUJBZ0lJY3ZHQ0lzci9jcTh3RFFZSktvWklodmNOQVFFTEJRQXdGVEVUTUJFR0ExVUUKQXhNS2EzVmlaWEp1WlhSbGN6QWVGdzB5TlRFeE1EVXhOelEwTkRkYUZ3MHpOVEV4TURNeE56UTVORGRhTUJVeApFekFSQmdOVkJBTVRDbXQxWW1WeWJtVjBaWE13Z2dFaU1BMEdDU3FHU0liM0RRRUJBUVVBQTRJQkR3QXdnZ0VLCkFvSUJBUURoY3FBWGF2cElUSlBSOXlEWFpkMkVxeEZ4TlJ6NkZMWUxhVjdUcDVPcndRVXk5KzhzaEQrZ2l5UjAKWWwyUG1jd0hHaDF0bGpURS9GZ1AxcFk1TGFSelBGdVJSWVk0cXR3dnh3Mzlsdnp1V04vNy9kYzMxOEhDbTNObgpYQU1mL2xhWlZiSEExRUMvZE9zMFJnZGpWRVRFZTRCSW84dGRxR1RrVDEwRlBKMDFsaFZzTGdHSGMxMldPL0hlClMwMVJUOWhQSUVZdk01Y1lRV1lraWp1clU1VVMxRmthTm9JTFZWUE1wTTNWcWpIMW1PNjVIb0JXckVRTFlOZEEKSWNsOEl5U2Z4cElIVFo4YUptWmltQlQrSXhBVFByZTVzS3RYWFZaMGo4WXAzcm5SNlNiNXlOWnNRUmYrWmZORQpKM0l3NzRmZE91OWVkYUFrVndWMHdPYzBzSkhwQWdNQkFBR2pXVEJYTUE0R0ExVWREd0VCL3dRRUF3SUNwREFQCkJnTlZIUk1CQWY4RUJUQURBUUgvTUIwR0ExVWREZ1FXQkJTazZ2SjEwZmc0MUcrbWN4S2dhTk9uc2hISUVEQVYKQmdOVkhSRUVEakFNZ2dwcmRXSmxjbTVsZEdWek1BMEdDU3FHU0liM0RRRUJDd1VBQTRJQkFRQWxpMGtjVVVzZgpkbzM3N3JUUjhJMUptTU5OcXphd01rRFI3U0hkSWRBcTRjV1N4d3p5R2E0VTVCVjI3Mmw5bkFKSWxmc1grK3k0Cm9BS3RTRUpFeDNGZzJTMXJyL2NkN1lCNGdZeGliNVNiQmJJa2o5eFFQZEFXc1NvaXFwbVhsaUI3Y2xIeUhKWW0KS1RteHZSbWlsYmpRVVU5T09XWVJQZ0tOVk5oc1EzakxseGErL2p2OFB5OHc4QWhKTWlvQlUyam1nWHFWRW9DYwpjRWdMVWUvcDQxbDhHWW9POWlrbWVrZTBBelJLN2RzbFppR2RTV1UwRUd6cnUzMEJSZndtY0RuVW9XMnU1QzUyCldKbmgrL3k1MWVYK2cvY3JPR0plQ25od2lFcEhMSEtyZ1F4U2tJdFEzcjhFVE5nYlAxOVhDVTV0SFJ2ektuSUQKY09mUW5ic2x4NmlMCi0tLS0tRU5EIENFUlRJRklDQVRFLS0tLS0K"
              }
            ],
            "cluster_id": null,
            "created_at": "2025-11-05 17:43:27.266 +0000 UTC",
            "enabled_cluster_log_types": [],
            "encryption_config": [],
            "endpoint": "https://40DEE3FC8FC4D020489714923868CB2C.gr7.us-east-1.eks.amazonaws.com",
            "id": "abrahimcse-cluster",
            "identity": [
              {
                "oidc": [
                  {
                    "issuer": "https://oidc.eks.us-east-1.amazonaws.com/id/40DEE3FC8FC4D020489714923868CB2C"
                  }
                ]
              }
            ],
            "kubernetes_network_config": [
              {
                "ip_family": "ipv4",
                "service_ipv4_cidr": "10.100.0.0/16",
                "service_ipv6_cidr": ""
              }
            ],
            "name": "abrahimcse-cluster",
            "outpost_config": [],
            "platform_version": "eks.20",
            "role_arn": "arn:aws:iam::692522859847:role/c171702a4454462l11059148t1w692522-LabEksClusterRole-CtnmOLOYUIMV",
            "status": "ACTIVE",
            "tags": {},
            "tags_all": {},
            "timeouts": null,
            "version": "1.33",
            "vpc_config": [
              {
                "cluster_security_group_id": "sg-0ab3ffb5296d56fc3",
                "endpoint_private_access": false,
                "endpoint_public_access": true,
                "public_access_cidrs": [
                  "0.0.0.0/0"
                ],
                "security_group_ids": [
                  "sg-053dc970d5ac36d22"
                ],
                "subnet_ids": [
                  "subnet-022579b97781a4227",
                  "subnet-023b09a4ed01c5b9c",
                  "subnet-07756d5aaf9d64577"
                ],
                "vpc_id": "vpc-0ad251447941b8e8b"
              }
            ]
          },
          "sensitive_attributes": [],
          "identity_schema_version": 0,
          "private": "eyJlMmJmYjczMC1lY2FhLTExZTYtOGY4OC0zNDM2M2JjN2M0YzAiOnsiY3JlYXRlIjoxODAwMDAwMDAwMDAwLCJkZWxldGUiOjkwMDAwMDAwMDAwMCwidXBkYXRlIjozNjAwMDAwMDAwMDAwfX0=",
          "dependencies": [
            "aws_iam_role.abrahimcse_cluster_role",
            "aws_security_group.abrahimcse_cluster_sg",
            "aws_subnet.abrahimcse_subnet",
            "aws_vpc.abrahimcse_vpc"
          ]
        }
      ]
    },
    {
      "mode": "managed",
      "type": "aws_iam_role",
      "name": "abrahimcse_cluster_role",
      "provider": "provider[\"registry.terraform.io/hashicorp/aws\"]",
      "instances": []
    },
    {
      "mode": "managed",
      "type": "aws_iam_role",
      "name": "abrahimcse_node_group_role",
      "provider": "provider[\"registry.terraform.io/hashicorp/aws\"]",
      "instances": []
    },
    {
      "mode": "managed",
      "type": "aws_iam_role_policy_attachment",
      "name": "abrahimcse_cluster_role_policy",
      "provider": "provider[\"registry.terraform.io/hashicorp/aws\"]",
      "instances": []
    },
    {
      "mode": "managed",
      "type": "aws_iam_role_policy_attachment",
      "name": "abrahimcse_node_group_cni_policy",
      "provider": "provider[\"registry.terraform.io/hashicorp/aws\"]",
      "instances": []
    },
    {
      "mode": "managed",
      "type": "aws_iam_role_policy_attachment",
      "name": "abrahimcse_node_group_registry_policy",
      "provider": "provider[\"registry.terraform.io/hashicorp/aws\"]",
      "instances": []
    },
    {
      "mode": "managed",
      "type": "aws_iam_role_policy_attachment",
      "name": "abrahimcse_node_group_role_policy",
      "provider": "provider[\"registry.terraform.io/hashicorp/aws\"]",
      "instances": []
    },
    {
      "mode": "managed",
      "type": "aws_internet_gateway",
      "name": "abrahimcse_igw",
      "provider": "provider[\"registry.terraform.io/hashicorp/aws\"]",
      "instances": []
    },
    {
      "mode": "managed",
      "type": "aws_route_table",
      "name": "abrahimcse_route_table",
      "provider": "provider[\"registry.terraform.io/hashicorp/aws\"]",
      "instances": []
    },
    {
      "mode": "managed",
      "type": "aws_route_table_association",
      "name": "a",
      "provider": "provider[\"registry.terraform.io/hashicorp/aws\"]",
      "instances": []
    },
    {
      "mode": "managed",
      "type": "aws_security_group",
      "name": "abrahimcse_cluster_sg",
      "provider": "provider[\"registry.terraform.io/hashicorp/aws\"]",
      "instances": []
    },
    {
      "mode": "managed",
      "type": "aws_security_group",
      "name": "abrahimcse_node_sg",
      "provider": "provider[\"registry.terraform.io/hashicorp/aws\"]",
      "instances": []
    },
    {
      "mode": "managed",
      "type": "aws_subnet",
      "name": "abrahimcse_subnet",
      "provider": "provider[\"registry.terraform.io/hashicorp/aws\"]",
      "instances": []
    },
    {
      "mode": "managed",
      "type": "aws_vpc",
      "name": "abrahimcse_vpc",
      "provider": "provider[\"registry.terraform.io/hashicorp/aws\"]",
      "instances": []
    }
  ],
  "check_results": null
}
